
Microsoft Visual Studio Solution File, Format Version 12.00
# Visual Studio Version 17
VisualStudioVersion = 17.10.35013.160
MinimumVisualStudioVersion = 10.0.40219.1
Project("{FAE04EC0-301F-11D3-BF4B-00C04F79EFBC}") = "P7", "P7\P7.csproj", "{2CCA07D4-6CFA-49A9-A58A-0A322A4905EF}"
EndProject
Global
	GlobalSection(SolutionConfigurationPlatforms) = preSolution
		Debug|Any CPU = Debug|Any CPU
		Release|Any CPU = Release|Any CPU
	EndGlobalSection
	GlobalSection(ProjectConfigurationPlatforms) = postSolution
		{2CCA07D4-6CFA-49A9-A58A-0A322A4905EF}.Debug|Any CPU.ActiveCfg = Debug|Any CPU
		{2CCA07D4-6CFA-49A9-A58A-0A322A4905EF}.Debug|Any CPU.Build.0 = Debug|Any CPU
		{2CCA07D4-6CFA-49A9-A58A-0A322A4905EF}.Debug|Any CPU.Deploy.0 = Debug|Any CPU
		{2CCA07D4-6CFA-49A9-A58A-0A322A4905EF}.Release|Any CPU.ActiveCfg = Release|Any CPU
		{2CCA07D4-6CFA-49A9-A58A-0A322A4905EF}.Release|Any CPU.Build.0 = Release|Any CPU
		{2CCA07D4-6CFA-49A9-A58A-0A322A4905EF}.Release|Any CPU.Deploy.0 = Release|Any CPU
	EndGlobalSection
	GlobalSection(SolutionProperties) = preSolution
		HideSolutionNode = FALSE
	EndGlobalSection
	GlobalSection(ExtensibilityGlobals) = postSolution
		SolutionGuid = {B883077D-CDDB-4670-A955-25B3B3B21FE1}
	EndGlobalSection
EndGlobal
